
Microsoft Visual Studio Solution File, Format Version 12.00
Project("{FAE04EC0-301F-11D3-BF4B-00C04F79EFBC}") = "PlexWebHook", "PlexWebHook\PlexWebHook.csproj", "{02D75086-3C46-4541-A9E4-7A5CBFC5430B}"
EndProject
Global
	GlobalSection(SolutionConfigurationPlatforms) = preSolution
		Debug|Any CPU = Debug|Any CPU
		Release|Any CPU = Release|Any CPU
	EndGlobalSection
	GlobalSection(ProjectConfigurationPlatforms) = postSolution
		{02D75086-3C46-4541-A9E4-7A5CBFC5430B}.Debug|Any CPU.ActiveCfg = Debug|Any CPU
		{02D75086-3C46-4541-A9E4-7A5CBFC5430B}.Debug|Any CPU.Build.0 = Debug|Any CPU
		{02D75086-3C46-4541-A9E4-7A5CBFC5430B}.Release|Any CPU.ActiveCfg = Release|Any CPU
		{02D75086-3C46-4541-A9E4-7A5CBFC5430B}.Release|Any CPU.Build.0 = Release|Any CPU
	EndGlobalSection
EndGlobal
